
Microsoft Visual Studio Solution File, Format Version 12.00
# Visual Studio Version 17
VisualStudioVersion = 17.5.33424.131
MinimumVisualStudioVersion = 10.0.40219.1
Project("{FAE04EC0-301F-11D3-BF4B-00C04F79EFBC}") = "CoinGeckoAPI", "CoinGeckoAPI\CoinGeckoAPI.csproj", "{385D5DD0-C7A1-40A0-84E3-5CB84292993A}"
EndProject
Global
	GlobalSection(SolutionConfigurationPlatforms) = preSolution
		Debug|Any CPU = Debug|Any CPU
		Release|Any CPU = Release|Any CPU
	EndGlobalSection
	GlobalSection(ProjectConfigurationPlatforms) = postSolution
		{385D5DD0-C7A1-40A0-84E3-5CB84292993A}.Debug|Any CPU.ActiveCfg = Debug|Any CPU
		{385D5DD0-C7A1-40A0-84E3-5CB84292993A}.Debug|Any CPU.Build.0 = Debug|Any CPU
		{385D5DD0-C7A1-40A0-84E3-5CB84292993A}.Release|Any CPU.ActiveCfg = Release|Any CPU
		{385D5DD0-C7A1-40A0-84E3-5CB84292993A}.Release|Any CPU.Build.0 = Release|Any CPU
	EndGlobalSection
	GlobalSection(SolutionProperties) = preSolution
		HideSolutionNode = FALSE
	EndGlobalSection
	GlobalSection(ExtensibilityGlobals) = postSolution
		SolutionGuid = {B87DE94A-FA4C-4816-B5E4-6C2EB034A8C4}
	EndGlobalSection
EndGlobal
